
Microsoft Visual Studio Solution File, Format Version 12.00
# Visual Studio Version 17
VisualStudioVersion = 17.9.34728.123
MinimumVisualStudioVersion = 10.0.40219.1
Project("{FAE04EC0-301F-11D3-BF4B-00C04F79EFBC}") = "Api 7.0", "Api 7.0\Api 7.0.csproj", "{CC1F32E3-1B17-4A50-9860-49B8A6270571}"
EndProject
Global
	GlobalSection(SolutionConfigurationPlatforms) = preSolution
		Debug|Any CPU = Debug|Any CPU
		Release|Any CPU = Release|Any CPU
	EndGlobalSection
	GlobalSection(ProjectConfigurationPlatforms) = postSolution
		{CC1F32E3-1B17-4A50-9860-49B8A6270571}.Debug|Any CPU.ActiveCfg = Debug|Any CPU
		{CC1F32E3-1B17-4A50-9860-49B8A6270571}.Debug|Any CPU.Build.0 = Debug|Any CPU
		{CC1F32E3-1B17-4A50-9860-49B8A6270571}.Release|Any CPU.ActiveCfg = Release|Any CPU
		{CC1F32E3-1B17-4A50-9860-49B8A6270571}.Release|Any CPU.Build.0 = Release|Any CPU
	EndGlobalSection
	GlobalSection(SolutionProperties) = preSolution
		HideSolutionNode = FALSE
	EndGlobalSection
	GlobalSection(ExtensibilityGlobals) = postSolution
		SolutionGuid = {D4D3AEE3-74D4-4607-AA03-03073683F648}
	EndGlobalSection
EndGlobal
